
Microsoft Visual Studio Solution File, Format Version 12.00
# Visual Studio Version 16
VisualStudioVersion = 16.0.29613.14
MinimumVisualStudioVersion = 10.0.40219.1
Project("{FAE04EC0-301F-11D3-BF4B-00C04F79EFBC}") = "He130613_TamDao_Lab1", "He130613_TamDao_Lab1.csproj", "{36E5B58A-8F8C-4DC0-9D24-40C6F6125EE9}"
EndProject
Global
	GlobalSection(SolutionConfigurationPlatforms) = preSolution
		Debug|Any CPU = Debug|Any CPU
		Release|Any CPU = Release|Any CPU
	EndGlobalSection
	GlobalSection(ProjectConfigurationPlatforms) = postSolution
		{36E5B58A-8F8C-4DC0-9D24-40C6F6125EE9}.Debug|Any CPU.ActiveCfg = Debug|Any CPU
		{36E5B58A-8F8C-4DC0-9D24-40C6F6125EE9}.Debug|Any CPU.Build.0 = Debug|Any CPU
		{36E5B58A-8F8C-4DC0-9D24-40C6F6125EE9}.Release|Any CPU.ActiveCfg = Release|Any CPU
		{36E5B58A-8F8C-4DC0-9D24-40C6F6125EE9}.Release|Any CPU.Build.0 = Release|Any CPU
	EndGlobalSection
	GlobalSection(SolutionProperties) = preSolution
		HideSolutionNode = FALSE
	EndGlobalSection
	GlobalSection(ExtensibilityGlobals) = postSolution
		SolutionGuid = {2A40BF2F-7784-4AD2-B6B8-9AECF6772F43}
	EndGlobalSection
EndGlobal
